
Microsoft Visual Studio Solution File, Format Version 12.00
# Visual Studio 2013
VisualStudioVersion = 12.0.40629.0
MinimumVisualStudioVersion = 10.0.40219.1
Project("{FAE04EC0-301F-11D3-BF4B-00C04F79EFBC}") = "DownloadsManager", "DownloadsManager\DownloadsManager.csproj", "{74846916-DC5F-4AC7-AC7C-2C560A5002BA}"
EndProject
Project("{FAE04EC0-301F-11D3-BF4B-00C04F79EFBC}") = "DownloadsManager.Core", "DownloadsManager.Core\DownloadsManager.Core.csproj", "{1CD6E6B9-7743-4540-9EDC-B6C5DAAC6897}"
EndProject
Project("{FAE04EC0-301F-11D3-BF4B-00C04F79EFBC}") = "DownloadsManager.Tests", "DownloadsManager.Tests\DownloadsManager.Tests.csproj", "{9649A739-A6C7-43A8-8CDF-ADF1E72903C0}"
EndProject
Global
	GlobalSection(SolutionConfigurationPlatforms) = preSolution
		Debug|Any CPU = Debug|Any CPU
		Release|Any CPU = Release|Any CPU
	EndGlobalSection
	GlobalSection(ProjectConfigurationPlatforms) = postSolution
		{74846916-DC5F-4AC7-AC7C-2C560A5002BA}.Debug|Any CPU.ActiveCfg = Debug|Any CPU
		{74846916-DC5F-4AC7-AC7C-2C560A5002BA}.Debug|Any CPU.Build.0 = Debug|Any CPU
		{74846916-DC5F-4AC7-AC7C-2C560A5002BA}.Release|Any CPU.ActiveCfg = Release|Any CPU
		{74846916-DC5F-4AC7-AC7C-2C560A5002BA}.Release|Any CPU.Build.0 = Release|Any CPU
		{1CD6E6B9-7743-4540-9EDC-B6C5DAAC6897}.Debug|Any CPU.ActiveCfg = Debug|Any CPU
		{1CD6E6B9-7743-4540-9EDC-B6C5DAAC6897}.Debug|Any CPU.Build.0 = Debug|Any CPU
		{1CD6E6B9-7743-4540-9EDC-B6C5DAAC6897}.Release|Any CPU.ActiveCfg = Release|Any CPU
		{1CD6E6B9-7743-4540-9EDC-B6C5DAAC6897}.Release|Any CPU.Build.0 = Release|Any CPU
		{9649A739-A6C7-43A8-8CDF-ADF1E72903C0}.Debug|Any CPU.ActiveCfg = Debug|Any CPU
		{9649A739-A6C7-43A8-8CDF-ADF1E72903C0}.Debug|Any CPU.Build.0 = Debug|Any CPU
		{9649A739-A6C7-43A8-8CDF-ADF1E72903C0}.Release|Any CPU.ActiveCfg = Release|Any CPU
		{9649A739-A6C7-43A8-8CDF-ADF1E72903C0}.Release|Any CPU.Build.0 = Release|Any CPU
	EndGlobalSection
	GlobalSection(SolutionProperties) = preSolution
		HideSolutionNode = FALSE
	EndGlobalSection
EndGlobal
